// !$*UTF8*$!
{
	archiveVersion = 1;
	classes = {
	};
	objectVersion = 50;
	objects = {

/* Begin PBXBuildFile section */
		41C2889222419DE600AEBD83 /* AppDelegate.swift in Sources */ = {isa = PBXBuildFile; fileRef = 41C2889122419DE600AEBD83 /* AppDelegate.swift */; };
		41C2889922419DE800AEBD83 /* Assets.xcassets in Resources */ = {isa = PBXBuildFile; fileRef = 41C2889822419DE800AEBD83 /* Assets.xcassets */; };
		41C2889C22419DE800AEBD83 /* LaunchScreen.storyboard in Resources */ = {isa = PBXBuildFile; fileRef = 41C2889A22419DE800AEBD83 /* LaunchScreen.storyboard */; };
		41C288A622419EA400AEBD83 /* HomeViewController.swift in Sources */ = {isa = PBXBuildFile; fileRef = 41C288A522419EA400AEBD83 /* HomeViewController.swift */; };
		41C288A922419F6D00AEBD83 /* FeedViewController.swift in Sources */ = {isa = PBXBuildFile; fileRef = 41C288A822419F6D00AEBD83 /* FeedViewController.swift */; };
		41C288AB2241A65800AEBD83 /* User.swift in Sources */ = {isa = PBXBuildFile; fileRef = 41C288AA2241A65800AEBD83 /* User.swift */; };
		41C288AD2241A6D500AEBD83 /* Quack.swift in Sources */ = {isa = PBXBuildFile; fileRef = 41C288AC2241A6D500AEBD83 /* Quack.swift */; };
		41C288AF2241A74800AEBD83 /* Sentiment.swift in Sources */ = {isa = PBXBuildFile; fileRef = 41C288AE2241A74800AEBD83 /* Sentiment.swift */; };
		41C288B22241A82000AEBD83 /* UserService.swift in Sources */ = {isa = PBXBuildFile; fileRef = 41C288B12241A82000AEBD83 /* UserService.swift */; };
		41C288B52242418400AEBD83 /* UIView+Create.swift in Sources */ = {isa = PBXBuildFile; fileRef = 41C288B42242418400AEBD83 /* UIView+Create.swift */; };
		41C288B82242432F00AEBD83 /* TableViewCell.swift in Sources */ = {isa = PBXBuildFile; fileRef = 41C288B72242432F00AEBD83 /* TableViewCell.swift */; };
		41C288BA2242434E00AEBD83 /* FeedCellViewController.swift in Sources */ = {isa = PBXBuildFile; fileRef = 41C288B92242434E00AEBD83 /* FeedCellViewController.swift */; };
		41C288BE2242455400AEBD83 /* UITableViewCell+Reusable.swift in Sources */ = {isa = PBXBuildFile; fileRef = 41C288BD2242455400AEBD83 /* UITableViewCell+Reusable.swift */; };
		41C288C2224254DE00AEBD83 /* QuacksService.swift in Sources */ = {isa = PBXBuildFile; fileRef = 41C288C1224254DE00AEBD83 /* QuacksService.swift */; };
		41C288C42242562600AEBD83 /* SentimentIconViewController.swift in Sources */ = {isa = PBXBuildFile; fileRef = 41C288C32242562600AEBD83 /* SentimentIconViewController.swift */; };
		41C288C722425D9400AEBD83 /* CircullarProgressView.swift in Sources */ = {isa = PBXBuildFile; fileRef = 41C288C622425D9400AEBD83 /* CircullarProgressView.swift */; };
		41C288C92242607800AEBD83 /* CALayer+Create.swift in Sources */ = {isa = PBXBuildFile; fileRef = 41C288C82242607800AEBD83 /* CALayer+Create.swift */; };
		41C288CC224295ED00AEBD83 /* FeedCellHeaderViewController.swift in Sources */ = {isa = PBXBuildFile; fileRef = 41C288CB224295ED00AEBD83 /* FeedCellHeaderViewController.swift */; };
		41FBFEB82242D00F00B42439 /* SceneViewController.swift in Sources */ = {isa = PBXBuildFile; fileRef = 41FBFEB72242D00F00B42439 /* SceneViewController.swift */; };
		41FBFEBA2242D20D00B42439 /* UIViewController+Child.swift in Sources */ = {isa = PBXBuildFile; fileRef = 41FBFEB92242D20D00B42439 /* UIViewController+Child.swift */; };
		41FBFEBC2242D69900B42439 /* StyleSheet.swift in Sources */ = {isa = PBXBuildFile; fileRef = 41FBFEBB2242D69900B42439 /* StyleSheet.swift */; };
		41FBFEBF2242DE8B00B42439 /* FeedCellAvatarViewController.swift in Sources */ = {isa = PBXBuildFile; fileRef = 41FBFEBE2242DE8B00B42439 /* FeedCellAvatarViewController.swift */; };
		41FBFEC12242E0EB00B42439 /* TimerViewController.swift in Sources */ = {isa = PBXBuildFile; fileRef = 41FBFEC02242E0EB00B42439 /* TimerViewController.swift */; };
		41FBFEC42242EB7000B42439 /* HomeHeaderViewController.swift in Sources */ = {isa = PBXBuildFile; fileRef = 41FBFEC32242EB7000B42439 /* HomeHeaderViewController.swift */; };
/* End PBXBuildFile section */

/* Begin PBXFileReference section */
		41C2888E22419DE600AEBD83 /* Quacker.app */ = {isa = PBXFileReference; explicitFileType = wrapper.application; includeInIndex = 0; path = Quacker.app; sourceTree = BUILT_PRODUCTS_DIR; };
		41C2889122419DE600AEBD83 /* AppDelegate.swift */ = {isa = PBXFileReference; lastKnownFileType = sourcecode.swift; path = AppDelegate.swift; sourceTree = "<group>"; };
		41C2889822419DE800AEBD83 /* Assets.xcassets */ = {isa = PBXFileReference; lastKnownFileType = folder.assetcatalog; path = Assets.xcassets; sourceTree = "<group>"; };
		41C2889B22419DE800AEBD83 /* Base */ = {isa = PBXFileReference; lastKnownFileType = file.storyboard; name = Base; path = Base.lproj/LaunchScreen.storyboard; sourceTree = "<group>"; };
		41C2889D22419DE800AEBD83 /* Info.plist */ = {isa = PBXFileReference; lastKnownFileType = text.plist.xml; path = Info.plist; sourceTree = "<group>"; };
		41C288A522419EA400AEBD83 /* HomeViewController.swift */ = {isa = PBXFileReference; lastKnownFileType = sourcecode.swift; path = HomeViewController.swift; sourceTree = "<group>"; };
		41C288A822419F6D00AEBD83 /* FeedViewController.swift */ = {isa = PBXFileReference; lastKnownFileType = sourcecode.swift; path = FeedViewController.swift; sourceTree = "<group>"; };
		41C288AA2241A65800AEBD83 /* User.swift */ = {isa = PBXFileReference; lastKnownFileType = sourcecode.swift; path = User.swift; sourceTree = "<group>"; };
		41C288AC2241A6D500AEBD83 /* Quack.swift */ = {isa = PBXFileReference; lastKnownFileType = sourcecode.swift; path = Quack.swift; sourceTree = "<group>"; };
		41C288AE2241A74800AEBD83 /* Sentiment.swift */ = {isa = PBXFileReference; lastKnownFileType = sourcecode.swift; path = Sentiment.swift; sourceTree = "<group>"; };
		41C288B12241A82000AEBD83 /* UserService.swift */ = {isa = PBXFileReference; lastKnownFileType = sourcecode.swift; path = UserService.swift; sourceTree = "<group>"; };
		41C288B42242418400AEBD83 /* UIView+Create.swift */ = {isa = PBXFileReference; lastKnownFileType = sourcecode.swift; path = "UIView+Create.swift"; sourceTree = "<group>"; };
		41C288B72242432F00AEBD83 /* TableViewCell.swift */ = {isa = PBXFileReference; lastKnownFileType = sourcecode.swift; path = TableViewCell.swift; sourceTree = "<group>"; };
		41C288B92242434E00AEBD83 /* FeedCellViewController.swift */ = {isa = PBXFileReference; lastKnownFileType = sourcecode.swift; path = FeedCellViewController.swift; sourceTree = "<group>"; };
		41C288BD2242455400AEBD83 /* UITableViewCell+Reusable.swift */ = {isa = PBXFileReference; lastKnownFileType = sourcecode.swift; path = "UITableViewCell+Reusable.swift"; sourceTree = "<group>"; };
		41C288C1224254DE00AEBD83 /* QuacksService.swift */ = {isa = PBXFileReference; lastKnownFileType = sourcecode.swift; path = QuacksService.swift; sourceTree = "<group>"; };
		41C288C32242562600AEBD83 /* SentimentIconViewController.swift */ = {isa = PBXFileReference; lastKnownFileType = sourcecode.swift; path = SentimentIconViewController.swift; sourceTree = "<group>"; };
		41C288C622425D9400AEBD83 /* CircullarProgressView.swift */ = {isa = PBXFileReference; lastKnownFileType = sourcecode.swift; path = CircullarProgressView.swift; sourceTree = "<group>"; };
		41C288C82242607800AEBD83 /* CALayer+Create.swift */ = {isa = PBXFileReference; lastKnownFileType = sourcecode.swift; path = "CALayer+Create.swift"; sourceTree = "<group>"; };
		41C288CB224295ED00AEBD83 /* FeedCellHeaderViewController.swift */ = {isa = PBXFileReference; lastKnownFileType = sourcecode.swift; path = FeedCellHeaderViewController.swift; sourceTree = "<group>"; };
		41FBFEB72242D00F00B42439 /* SceneViewController.swift */ = {isa = PBXFileReference; lastKnownFileType = sourcecode.swift; path = SceneViewController.swift; sourceTree = "<group>"; };
		41FBFEB92242D20D00B42439 /* UIViewController+Child.swift */ = {isa = PBXFileReference; lastKnownFileType = sourcecode.swift; path = "UIViewController+Child.swift"; sourceTree = "<group>"; };
		41FBFEBB2242D69900B42439 /* StyleSheet.swift */ = {isa = PBXFileReference; lastKnownFileType = sourcecode.swift; path = StyleSheet.swift; sourceTree = "<group>"; };
		41FBFEBE2242DE8B00B42439 /* FeedCellAvatarViewController.swift */ = {isa = PBXFileReference; lastKnownFileType = sourcecode.swift; path = FeedCellAvatarViewController.swift; sourceTree = "<group>"; };
		41FBFEC02242E0EB00B42439 /* TimerViewController.swift */ = {isa = PBXFileReference; lastKnownFileType = sourcecode.swift; path = TimerViewController.swift; sourceTree = "<group>"; };
		41FBFEC32242EB7000B42439 /* HomeHeaderViewController.swift */ = {isa = PBXFileReference; lastKnownFileType = sourcecode.swift; path = HomeHeaderViewController.swift; sourceTree = "<group>"; };
/* End PBXFileReference section */

/* Begin PBXFrameworksBuildPhase section */
		41C2888B22419DE600AEBD83 /* Frameworks */ = {
			isa = PBXFrameworksBuildPhase;
			buildActionMask = 2147483647;
			files = (
			);
			runOnlyForDeploymentPostprocessing = 0;
		};
/* End PBXFrameworksBuildPhase section */

/* Begin PBXGroup section */
		41C2888522419DE600AEBD83 = {
			isa = PBXGroup;
			children = (
				41C2889022419DE600AEBD83 /* Quacker */,
				41C2888F22419DE600AEBD83 /* Products */,
			);
			sourceTree = "<group>";
		};
		41C2888F22419DE600AEBD83 /* Products */ = {
			isa = PBXGroup;
			children = (
				41C2888E22419DE600AEBD83 /* Quacker.app */,
			);
			name = Products;
			sourceTree = "<group>";
		};
		41C2889022419DE600AEBD83 /* Quacker */ = {
			isa = PBXGroup;
			children = (
				41C288A322419E8300AEBD83 /* Screens */,
				41C288A422419E9200AEBD83 /* Model */,
				41C288B02241A7B200AEBD83 /* Services */,
				41C288BB2242450D00AEBD83 /* Utilities */,
				41C2889122419DE600AEBD83 /* AppDelegate.swift */,
				41C2889822419DE800AEBD83 /* Assets.xcassets */,
				41C2889A22419DE800AEBD83 /* LaunchScreen.storyboard */,
				41C2889D22419DE800AEBD83 /* Info.plist */,
			);
			path = Quacker;
			sourceTree = "<group>";
		};
		41C288A322419E8300AEBD83 /* Screens */ = {
			isa = PBXGroup;
			children = (
				41C288A522419EA400AEBD83 /* HomeViewController.swift */,
				41C288BF224246BB00AEBD83 /* Common */,
				41C288A722419ECB00AEBD83 /* Feed */,
				41FBFEC22242EB4000B42439 /* Header */,
				41FBFEB62242CFF900B42439 /* Scene */,
			);
			path = Screens;
			sourceTree = "<group>";
		};
		41C288A422419E9200AEBD83 /* Model */ = {
			isa = PBXGroup;
			children = (
				41C288AA2241A65800AEBD83 /* User.swift */,
				41C288AC2241A6D500AEBD83 /* Quack.swift */,
				41C288AE2241A74800AEBD83 /* Sentiment.swift */,
			);
			path = Model;
			sourceTree = "<group>";
		};
		41C288A722419ECB00AEBD83 /* Feed */ = {
			isa = PBXGroup;
			children = (
				41C288B62242430400AEBD83 /* Cell */,
				41C288A822419F6D00AEBD83 /* FeedViewController.swift */,
			);
			path = Feed;
			sourceTree = "<group>";
		};
		41C288B02241A7B200AEBD83 /* Services */ = {
			isa = PBXGroup;
			children = (
				41C288B12241A82000AEBD83 /* UserService.swift */,
				41C288C1224254DE00AEBD83 /* QuacksService.swift */,
			);
			path = Services;
			sourceTree = "<group>";
		};
		41C288B32242416900AEBD83 /* Extensions */ = {
			isa = PBXGroup;
			children = (
				41C288B42242418400AEBD83 /* UIView+Create.swift */,
				41C288C82242607800AEBD83 /* CALayer+Create.swift */,
				41C288BD2242455400AEBD83 /* UITableViewCell+Reusable.swift */,
				41FBFEB92242D20D00B42439 /* UIViewController+Child.swift */,
			);
			path = Extensions;
			sourceTree = "<group>";
		};
		41C288B62242430400AEBD83 /* Cell */ = {
			isa = PBXGroup;
			children = (
				41FBFEBD2242DE7300B42439 /* Avatar */,
				41C288CA224295D200AEBD83 /* Header */,
				41C288C522425D7B00AEBD83 /* SentimentIcon */,
				41C288B92242434E00AEBD83 /* FeedCellViewController.swift */,
			);
			path = Cell;
			sourceTree = "<group>";
		};
		41C288BB2242450D00AEBD83 /* Utilities */ = {
			isa = PBXGroup;
			children = (
				41C288B32242416900AEBD83 /* Extensions */,
				41FBFEBB2242D69900B42439 /* StyleSheet.swift */,
			);
			path = Utilities;
			sourceTree = "<group>";
		};
		41C288BF224246BB00AEBD83 /* Common */ = {
			isa = PBXGroup;
			children = (
				41C288C0224246C200AEBD83 /* TableView */,
			);
			path = Common;
			sourceTree = "<group>";
		};
		41C288C0224246C200AEBD83 /* TableView */ = {
			isa = PBXGroup;
			children = (
				41C288B72242432F00AEBD83 /* TableViewCell.swift */,
			);
			path = TableView;
			sourceTree = "<group>";
		};
		41C288C522425D7B00AEBD83 /* SentimentIcon */ = {
			isa = PBXGroup;
			children = (
				41C288C32242562600AEBD83 /* SentimentIconViewController.swift */,
				41C288C622425D9400AEBD83 /* CircullarProgressView.swift */,
			);
			path = SentimentIcon;
			sourceTree = "<group>";
		};
		41C288CA224295D200AEBD83 /* Header */ = {
			isa = PBXGroup;
			children = (
				41FBFEC02242E0EB00B42439 /* TimerViewController.swift */,
				41C288CB224295ED00AEBD83 /* FeedCellHeaderViewController.swift */,
			);
			path = Header;
			sourceTree = "<group>";
		};
		41FBFEB62242CFF900B42439 /* Scene */ = {
			isa = PBXGroup;
			children = (
				41FBFEB72242D00F00B42439 /* SceneViewController.swift */,
			);
			path = Scene;
			sourceTree = "<group>";
		};
		41FBFEBD2242DE7300B42439 /* Avatar */ = {
			isa = PBXGroup;
			children = (
				41FBFEBE2242DE8B00B42439 /* FeedCellAvatarViewController.swift */,
			);
			path = Avatar;
			sourceTree = "<group>";
		};
		41FBFEC22242EB4000B42439 /* Header */ = {
			isa = PBXGroup;
			children = (
				41FBFEC32242EB7000B42439 /* HomeHeaderViewController.swift */,
			);
			path = Header;
			sourceTree = "<group>";
		};
/* End PBXGroup section */

/* Begin PBXNativeTarget section */
		41C2888D22419DE600AEBD83 /* Quacker */ = {
			isa = PBXNativeTarget;
			buildConfigurationList = 41C288A022419DE800AEBD83 /* Build configuration list for PBXNativeTarget "Quacker" */;
			buildPhases = (
				41C2888A22419DE600AEBD83 /* Sources */,
				41C2888B22419DE600AEBD83 /* Frameworks */,
				41C2888C22419DE600AEBD83 /* Resources */,
			);
			buildRules = (
			);
			dependencies = (
			);
			name = Quacker;
			productName = Quacker;
			productReference = 41C2888E22419DE600AEBD83 /* Quacker.app */;
			productType = "com.apple.product-type.application";
		};
/* End PBXNativeTarget section */

/* Begin PBXProject section */
		41C2888622419DE600AEBD83 /* Project object */ = {
			isa = PBXProject;
			attributes = {
				LastSwiftUpdateCheck = 1010;
				LastUpgradeCheck = 1010;
				ORGANIZATIONNAME = "Witek Bobrowski";
				TargetAttributes = {
					41C2888D22419DE600AEBD83 = {
						CreatedOnToolsVersion = 10.1;
					};
				};
			};
			buildConfigurationList = 41C2888922419DE600AEBD83 /* Build configuration list for PBXProject "Quacker" */;
			compatibilityVersion = "Xcode 9.3";
			developmentRegion = en;
			hasScannedForEncodings = 0;
			knownRegions = (
				en,
				Base,
			);
			mainGroup = 41C2888522419DE600AEBD83;
			productRefGroup = 41C2888F22419DE600AEBD83 /* Products */;
			projectDirPath = "";
			projectRoot = "";
			targets = (
				41C2888D22419DE600AEBD83 /* Quacker */,
			);
		};
/* End PBXProject section */

/* Begin PBXResourcesBuildPhase section */
		41C2888C22419DE600AEBD83 /* Resources */ = {
			isa = PBXResourcesBuildPhase;
			buildActionMask = 2147483647;
			files = (
				41C2889C22419DE800AEBD83 /* LaunchScreen.storyboard in Resources */,
				41C2889922419DE800AEBD83 /* Assets.xcassets in Resources */,
			);
			runOnlyForDeploymentPostprocessing = 0;
		};
/* End PBXResourcesBuildPhase section */

/* Begin PBXSourcesBuildPhase section */
		41C2888A22419DE600AEBD83 /* Sources */ = {
			isa = PBXSourcesBuildPhase;
			buildActionMask = 2147483647;
			files = (
				41C288BA2242434E00AEBD83 /* FeedCellViewController.swift in Sources */,
				41C288B52242418400AEBD83 /* UIView+Create.swift in Sources */,
				41C288B22241A82000AEBD83 /* UserService.swift in Sources */,
				41FBFEB82242D00F00B42439 /* SceneViewController.swift in Sources */,
				41C288C2224254DE00AEBD83 /* QuacksService.swift in Sources */,
				41C288AB2241A65800AEBD83 /* User.swift in Sources */,
				41C288C42242562600AEBD83 /* SentimentIconViewController.swift in Sources */,
				41FBFEBF2242DE8B00B42439 /* FeedCellAvatarViewController.swift in Sources */,
				41FBFEC42242EB7000B42439 /* HomeHeaderViewController.swift in Sources */,
				41FBFEBC2242D69900B42439 /* StyleSheet.swift in Sources */,
				41C2889222419DE600AEBD83 /* AppDelegate.swift in Sources */,
				41FBFEC12242E0EB00B42439 /* TimerViewController.swift in Sources */,
				41C288BE2242455400AEBD83 /* UITableViewCell+Reusable.swift in Sources */,
				41C288A922419F6D00AEBD83 /* FeedViewController.swift in Sources */,
				41C288C92242607800AEBD83 /* CALayer+Create.swift in Sources */,
				41C288A622419EA400AEBD83 /* HomeViewController.swift in Sources */,
				41C288B82242432F00AEBD83 /* TableViewCell.swift in Sources */,
				41C288C722425D9400AEBD83 /* CircullarProgressView.swift in Sources */,
				41C288CC224295ED00AEBD83 /* FeedCellHeaderViewController.swift in Sources */,
				41C288AD2241A6D500AEBD83 /* Quack.swift in Sources */,
				41C288AF2241A74800AEBD83 /* Sentiment.swift in Sources */,
				41FBFEBA2242D20D00B42439 /* UIViewController+Child.swift in Sources */,
			);
			runOnlyForDeploymentPostprocessing = 0;
		};
/* End PBXSourcesBuildPhase section */

/* Begin PBXVariantGroup section */
		41C2889A22419DE800AEBD83 /* LaunchScreen.storyboard */ = {
			isa = PBXVariantGroup;
			children = (
				41C2889B22419DE800AEBD83 /* Base */,
			);
			name = LaunchScreen.storyboard;
			sourceTree = "<group>";
		};
/* End PBXVariantGroup section */

/* Begin XCBuildConfiguration section */
		41C2889E22419DE800AEBD83 /* Debug */ = {
			isa = XCBuildConfiguration;
			buildSettings = {
				ALWAYS_SEARCH_USER_PATHS = NO;
				CLANG_ANALYZER_NONNULL = YES;
				CLANG_ANALYZER_NUMBER_OBJECT_CONVERSION = YES_AGGRESSIVE;
				CLANG_CXX_LANGUAGE_STANDARD = "gnu++14";
				CLANG_CXX_LIBRARY = "libc++";
				CLANG_ENABLE_MODULES = YES;
				CLANG_ENABLE_OBJC_ARC = YES;
				CLANG_ENABLE_OBJC_WEAK = YES;
				CLANG_WARN_BLOCK_CAPTURE_AUTORELEASING = YES;
				CLANG_WARN_BOOL_CONVERSION = YES;
				CLANG_WARN_COMMA = YES;
				CLANG_WARN_CONSTANT_CONVERSION = YES;
				CLANG_WARN_DEPRECATED_OBJC_IMPLEMENTATIONS = YES;
				CLANG_WARN_DIRECT_OBJC_ISA_USAGE = YES_ERROR;
				CLANG_WARN_DOCUMENTATION_COMMENTS = YES;
				CLANG_WARN_EMPTY_BODY = YES;
				CLANG_WARN_ENUM_CONVERSION = YES;
				CLANG_WARN_INFINITE_RECURSION = YES;
				CLANG_WARN_INT_CONVERSION = YES;
				CLANG_WARN_NON_LITERAL_NULL_CONVERSION = YES;
				CLANG_WARN_OBJC_IMPLICIT_RETAIN_SELF = YES;
				CLANG_WARN_OBJC_LITERAL_CONVERSION = YES;
				CLANG_WARN_OBJC_ROOT_CLASS = YES_ERROR;
				CLANG_WARN_RANGE_LOOP_ANALYSIS = YES;
				CLANG_WARN_STRICT_PROTOTYPES = YES;
				CLANG_WARN_SUSPICIOUS_MOVE = YES;
				CLANG_WARN_UNGUARDED_AVAILABILITY = YES_AGGRESSIVE;
				CLANG_WARN_UNREACHABLE_CODE = YES;
				CLANG_WARN__DUPLICATE_METHOD_MATCH = YES;
				CODE_SIGN_IDENTITY = "iPhone Developer";
				COPY_PHASE_STRIP = NO;
				DEBUG_INFORMATION_FORMAT = dwarf;
				ENABLE_STRICT_OBJC_MSGSEND = YES;
				ENABLE_TESTABILITY = YES;
				GCC_C_LANGUAGE_STANDARD = gnu11;
				GCC_DYNAMIC_NO_PIC = NO;
				GCC_NO_COMMON_BLOCKS = YES;
				GCC_OPTIMIZATION_LEVEL = 0;
				GCC_PREPROCESSOR_DEFINITIONS = (
					"DEBUG=1",
					"$(inherited)",
				);
				GCC_WARN_64_TO_32_BIT_CONVERSION = YES;
				GCC_WARN_ABOUT_RETURN_TYPE = YES_ERROR;
				GCC_WARN_UNDECLARED_SELECTOR = YES;
				GCC_WARN_UNINITIALIZED_AUTOS = YES_AGGRESSIVE;
				GCC_WARN_UNUSED_FUNCTION = YES;
				GCC_WARN_UNUSED_VARIABLE = YES;
				IPHONEOS_DEPLOYMENT_TARGET = 12.1;
				MTL_ENABLE_DEBUG_INFO = INCLUDE_SOURCE;
				MTL_FAST_MATH = YES;
				ONLY_ACTIVE_ARCH = YES;
				SDKROOT = iphoneos;
				SWIFT_ACTIVE_COMPILATION_CONDITIONS = DEBUG;
				SWIFT_OPTIMIZATION_LEVEL = "-Onone";
			};
			name = Debug;
		};
		41C2889F22419DE800AEBD83 /* Release */ = {
			isa = XCBuildConfiguration;
			buildSettings = {
				ALWAYS_SEARCH_USER_PATHS = NO;
				CLANG_ANALYZER_NONNULL = YES;
				CLANG_ANALYZER_NUMBER_OBJECT_CONVERSION = YES_AGGRESSIVE;
				CLANG_CXX_LANGUAGE_STANDARD = "gnu++14";
				CLANG_CXX_LIBRARY = "libc++";
				CLANG_ENABLE_MODULES = YES;
				CLANG_ENABLE_OBJC_ARC = YES;
				CLANG_ENABLE_OBJC_WEAK = YES;
				CLANG_WARN_BLOCK_CAPTURE_AUTORELEASING = YES;
				CLANG_WARN_BOOL_CONVERSION = YES;
				CLANG_WARN_COMMA = YES;
				CLANG_WARN_CONSTANT_CONVERSION = YES;
				CLANG_WARN_DEPRECATED_OBJC_IMPLEMENTATIONS = YES;
				CLANG_WARN_DIRECT_OBJC_ISA_USAGE = YES_ERROR;
				CLANG_WARN_DOCUMENTATION_COMMENTS = YES;
				CLANG_WARN_EMPTY_BODY = YES;
				CLANG_WARN_ENUM_CONVERSION = YES;
				CLANG_WARN_INFINITE_RECURSION = YES;
				CLANG_WARN_INT_CONVERSION = YES;
				CLANG_WARN_NON_LITERAL_NULL_CONVERSION = YES;
				CLANG_WARN_OBJC_IMPLICIT_RETAIN_SELF = YES;
				CLANG_WARN_OBJC_LITERAL_CONVERSION = YES;
				CLANG_WARN_OBJC_ROOT_CLASS = YES_ERROR;
				CLANG_WARN_RANGE_LOOP_ANALYSIS = YES;
				CLANG_WARN_STRICT_PROTOTYPES = YES;
				CLANG_WARN_SUSPICIOUS_MOVE = YES;
				CLANG_WARN_UNGUARDED_AVAILABILITY = YES_AGGRESSIVE;
				CLANG_WARN_UNREACHABLE_CODE = YES;
				CLANG_WARN__DUPLICATE_METHOD_MATCH = YES;
				CODE_SIGN_IDENTITY = "iPhone Developer";
				COPY_PHASE_STRIP = NO;
				DEBUG_INFORMATION_FORMAT = "dwarf-with-dsym";
				ENABLE_NS_ASSERTIONS = NO;
				ENABLE_STRICT_OBJC_MSGSEND = YES;
				GCC_C_LANGUAGE_STANDARD = gnu11;
				GCC_NO_COMMON_BLOCKS = YES;
				GCC_WARN_64_TO_32_BIT_CONVERSION = YES;
				GCC_WARN_ABOUT_RETURN_TYPE = YES_ERROR;
				GCC_WARN_UNDECLARED_SELECTOR = YES;
				GCC_WARN_UNINITIALIZED_AUTOS = YES_AGGRESSIVE;
				GCC_WARN_UNUSED_FUNCTION = YES;
				GCC_WARN_UNUSED_VARIABLE = YES;
				IPHONEOS_DEPLOYMENT_TARGET = 12.1;
				MTL_ENABLE_DEBUG_INFO = NO;
				MTL_FAST_MATH = YES;
				SDKROOT = iphoneos;
				SWIFT_COMPILATION_MODE = wholemodule;
				SWIFT_OPTIMIZATION_LEVEL = "-O";
				VALIDATE_PRODUCT = YES;
			};
			name = Release;
		};
		41C288A122419DE800AEBD83 /* Debug */ = {
			isa = XCBuildConfiguration;
			buildSettings = {
				ASSETCATALOG_COMPILER_APPICON_NAME = AppIcon;
				CODE_SIGN_STYLE = Automatic;
				DEVELOPMENT_TEAM = U82NM6NPZS;
				INFOPLIST_FILE = Quacker/Info.plist;
				LD_RUNPATH_SEARCH_PATHS = (
					"$(inherited)",
					"@executable_path/Frameworks",
				);
				PRODUCT_BUNDLE_IDENTIFIER = co.bobrowski.Quacker;
				PRODUCT_NAME = "$(TARGET_NAME)";
				SWIFT_VERSION = 4.2;
				TARGETED_DEVICE_FAMILY = "1,2";
			};
			name = Debug;
		};
		41C288A222419DE800AEBD83 /* Release */ = {
			isa = XCBuildConfiguration;
			buildSettings = {
				ASSETCATALOG_COMPILER_APPICON_NAME = AppIcon;
				CODE_SIGN_STYLE = Automatic;
				DEVELOPMENT_TEAM = U82NM6NPZS;
				INFOPLIST_FILE = Quacker/Info.plist;
				LD_RUNPATH_SEARCH_PATHS = (
					"$(inherited)",
					"@executable_path/Frameworks",
				);
				PRODUCT_BUNDLE_IDENTIFIER = co.bobrowski.Quacker;
				PRODUCT_NAME = "$(TARGET_NAME)";
				SWIFT_VERSION = 4.2;
				TARGETED_DEVICE_FAMILY = "1,2";
			};
			name = Release;
		};
/* End XCBuildConfiguration section */

/* Begin XCConfigurationList section */
		41C2888922419DE600AEBD83 /* Build configuration list for PBXProject "Quacker" */ = {
			isa = XCConfigurationList;
			buildConfigurations = (
				41C2889E22419DE800AEBD83 /* Debug */,
				41C2889F22419DE800AEBD83 /* Release */,
			);
			defaultConfigurationIsVisible = 0;
			defaultConfigurationName = Release;
		};
		41C288A022419DE800AEBD83 /* Build configuration list for PBXNativeTarget "Quacker" */ = {
			isa = XCConfigurationList;
			buildConfigurations = (
				41C288A122419DE800AEBD83 /* Debug */,
				41C288A222419DE800AEBD83 /* Release */,
			);
			defaultConfigurationIsVisible = 0;
			defaultConfigurationName = Release;
		};
/* End XCConfigurationList section */
	};
	rootObject = 41C2888622419DE600AEBD83 /* Project object */;
}
